
Microsoft Visual Studio Solution File, Format Version 12.00
# Blend for Visual Studio 15
VisualStudioVersion = 15.0.27703.2042
MinimumVisualStudioVersion = 10.0.40219.1
Project("{FAE04EC0-301F-11D3-BF4B-00C04F79EFBC}") = "PartyInvites", "PartyInvites\PartyInvites.csproj", "{D24BB34F-71AF-4693-9C82-191D7857DDF0}"
EndProject
Global
	GlobalSection(SolutionConfigurationPlatforms) = preSolution
		Debug|Any CPU = Debug|Any CPU
		Release|Any CPU = Release|Any CPU
	EndGlobalSection
	GlobalSection(ProjectConfigurationPlatforms) = postSolution
		{D24BB34F-71AF-4693-9C82-191D7857DDF0}.Debug|Any CPU.ActiveCfg = Debug|Any CPU
		{D24BB34F-71AF-4693-9C82-191D7857DDF0}.Debug|Any CPU.Build.0 = Debug|Any CPU
		{D24BB34F-71AF-4693-9C82-191D7857DDF0}.Release|Any CPU.ActiveCfg = Release|Any CPU
		{D24BB34F-71AF-4693-9C82-191D7857DDF0}.Release|Any CPU.Build.0 = Release|Any CPU
	EndGlobalSection
	GlobalSection(SolutionProperties) = preSolution
		HideSolutionNode = FALSE
	EndGlobalSection
	GlobalSection(ExtensibilityGlobals) = postSolution
		SolutionGuid = {76E2F8D2-5CB4-4CF6-8EFC-7217D92B60AA}
	EndGlobalSection
EndGlobal
